
Microsoft Visual Studio Solution File, Format Version 12.00
# Visual Studio Version 17
VisualStudioVersion = 17.13.35931.197 d17.13
MinimumVisualStudioVersion = 10.0.40219.1
Project("{FAE04EC0-301F-11D3-BF4B-00C04F79EFBC}") = "ShopSphere", "ShopSphere.csproj", "{DE2081FD-55C4-4859-AA2E-88B48E6E7F3E}"
EndProject
Global
	GlobalSection(SolutionConfigurationPlatforms) = preSolution
		Debug|Any CPU = Debug|Any CPU
		Release|Any CPU = Release|Any CPU
	EndGlobalSection
	GlobalSection(ProjectConfigurationPlatforms) = postSolution
		{DE2081FD-55C4-4859-AA2E-88B48E6E7F3E}.Debug|Any CPU.ActiveCfg = Debug|Any CPU
		{DE2081FD-55C4-4859-AA2E-88B48E6E7F3E}.Debug|Any CPU.Build.0 = Debug|Any CPU
		{DE2081FD-55C4-4859-AA2E-88B48E6E7F3E}.Release|Any CPU.ActiveCfg = Release|Any CPU
		{DE2081FD-55C4-4859-AA2E-88B48E6E7F3E}.Release|Any CPU.Build.0 = Release|Any CPU
	EndGlobalSection
	GlobalSection(SolutionProperties) = preSolution
		HideSolutionNode = FALSE
	EndGlobalSection
	GlobalSection(ExtensibilityGlobals) = postSolution
		SolutionGuid = {42451404-F1A5-41D1-BFBD-40A108270EAC}
	EndGlobalSection
EndGlobal
